
Microsoft Visual Studio Solution File, Format Version 12.00
# Visual Studio 15
VisualStudioVersion = 15.0.28010.2036
MinimumVisualStudioVersion = 10.0.40219.1
Project("{FAE04EC0-301F-11D3-BF4B-00C04F79EFBC}") = "SmartMenuLibrary", "SmartMenuLibrary\SmartMenuLibrary.csproj", "{141179AD-CDEA-4F9D-AD19-2D46CDF085F5}"
EndProject
Project("{FAE04EC0-301F-11D3-BF4B-00C04F79EFBC}") = "SmartMenuTest", "SmartMenuTest\SmartMenuTest.csproj", "{ADDE55F7-8528-49E8-B332-AA40236539C3}"
EndProject
Project("{FAE04EC0-301F-11D3-BF4B-00C04F79EFBC}") = "CalculatorLibrary", "CalculatorLibrary\CalculatorLibrary.csproj", "{517097E5-6BAD-4D04-8E6E-2169234F4B5E}"
EndProject
Project("{FAE04EC0-301F-11D3-BF4B-00C04F79EFBC}") = "CalculatorTest", "CalculatorTest\CalculatorTest.csproj", "{0967E952-324B-4504-ABD6-0D3F1ADE0299}"
EndProject
Project("{2150E333-8FDC-42A3-9474-1A3956D46DE8}") = "Solution Items", "Solution Items", "{7B4E8F60-0360-48DD-9ED3-3E59118A10FA}"
	ProjectSection(SolutionItems) = preProject
		MenuSpec.txt = MenuSpec.txt
		MenuSpecEnglish.txt = MenuSpecEnglish.txt
	EndProjectSection
EndProject
Global
	GlobalSection(SolutionConfigurationPlatforms) = preSolution
		Debug|Any CPU = Debug|Any CPU
		Release|Any CPU = Release|Any CPU
	EndGlobalSection
	GlobalSection(ProjectConfigurationPlatforms) = postSolution
		{141179AD-CDEA-4F9D-AD19-2D46CDF085F5}.Debug|Any CPU.ActiveCfg = Debug|Any CPU
		{141179AD-CDEA-4F9D-AD19-2D46CDF085F5}.Debug|Any CPU.Build.0 = Debug|Any CPU
		{141179AD-CDEA-4F9D-AD19-2D46CDF085F5}.Release|Any CPU.ActiveCfg = Release|Any CPU
		{141179AD-CDEA-4F9D-AD19-2D46CDF085F5}.Release|Any CPU.Build.0 = Release|Any CPU
		{ADDE55F7-8528-49E8-B332-AA40236539C3}.Debug|Any CPU.ActiveCfg = Debug|Any CPU
		{ADDE55F7-8528-49E8-B332-AA40236539C3}.Debug|Any CPU.Build.0 = Debug|Any CPU
		{ADDE55F7-8528-49E8-B332-AA40236539C3}.Release|Any CPU.ActiveCfg = Release|Any CPU
		{ADDE55F7-8528-49E8-B332-AA40236539C3}.Release|Any CPU.Build.0 = Release|Any CPU
		{517097E5-6BAD-4D04-8E6E-2169234F4B5E}.Debug|Any CPU.ActiveCfg = Debug|Any CPU
		{517097E5-6BAD-4D04-8E6E-2169234F4B5E}.Debug|Any CPU.Build.0 = Debug|Any CPU
		{517097E5-6BAD-4D04-8E6E-2169234F4B5E}.Release|Any CPU.ActiveCfg = Release|Any CPU
		{517097E5-6BAD-4D04-8E6E-2169234F4B5E}.Release|Any CPU.Build.0 = Release|Any CPU
		{0967E952-324B-4504-ABD6-0D3F1ADE0299}.Debug|Any CPU.ActiveCfg = Debug|Any CPU
		{0967E952-324B-4504-ABD6-0D3F1ADE0299}.Debug|Any CPU.Build.0 = Debug|Any CPU
		{0967E952-324B-4504-ABD6-0D3F1ADE0299}.Release|Any CPU.ActiveCfg = Release|Any CPU
		{0967E952-324B-4504-ABD6-0D3F1ADE0299}.Release|Any CPU.Build.0 = Release|Any CPU
	EndGlobalSection
	GlobalSection(SolutionProperties) = preSolution
		HideSolutionNode = FALSE
	EndGlobalSection
	GlobalSection(ExtensibilityGlobals) = postSolution
		SolutionGuid = {68B17427-85E3-46BA-B29B-B44364836B77}
	EndGlobalSection
EndGlobal
